
Microsoft Visual Studio Solution File, Format Version 12.00
# Visual Studio Version 17
VisualStudioVersion = 17.9.34728.123
MinimumVisualStudioVersion = 10.0.40219.1
Project("{FAE04EC0-301F-11D3-BF4B-00C04F79EFBC}") = "MessagingSystem", "MessagingSystem.csproj", "{1C13334C-383C-4A42-AAED-8FB43EEB5FA7}"
EndProject
Global
	GlobalSection(SolutionConfigurationPlatforms) = preSolution
		Debug|Any CPU = Debug|Any CPU
		Release|Any CPU = Release|Any CPU
	EndGlobalSection
	GlobalSection(ProjectConfigurationPlatforms) = postSolution
		{1C13334C-383C-4A42-AAED-8FB43EEB5FA7}.Debug|Any CPU.ActiveCfg = Debug|Any CPU
		{1C13334C-383C-4A42-AAED-8FB43EEB5FA7}.Debug|Any CPU.Build.0 = Debug|Any CPU
		{1C13334C-383C-4A42-AAED-8FB43EEB5FA7}.Release|Any CPU.ActiveCfg = Release|Any CPU
		{1C13334C-383C-4A42-AAED-8FB43EEB5FA7}.Release|Any CPU.Build.0 = Release|Any CPU
	EndGlobalSection
	GlobalSection(SolutionProperties) = preSolution
		HideSolutionNode = FALSE
	EndGlobalSection
	GlobalSection(ExtensibilityGlobals) = postSolution
		SolutionGuid = {55441D6D-009C-4C36-B99C-CECF47C6C099}
	EndGlobalSection
EndGlobal
